
Microsoft Visual Studio Solution File, Format Version 12.00
# Visual Studio Version 16
VisualStudioVersion = 16.0.809.7
MinimumVisualStudioVersion = 10.0.40219.1
Project("{FAE04EC0-301F-11D3-BF4B-00C04F79EFBC}") = "PactNet.XUnit", "PactNet.XUnit\PactNet.XUnit.csproj", "{039C413F-FE3E-4ADE-AEA0-2E1A6D39822A}"
EndProject
Global
	GlobalSection(SolutionConfigurationPlatforms) = preSolution
		Debug|Any CPU = Debug|Any CPU
		Release|Any CPU = Release|Any CPU
	EndGlobalSection
	GlobalSection(ProjectConfigurationPlatforms) = postSolution
		{039C413F-FE3E-4ADE-AEA0-2E1A6D39822A}.Debug|Any CPU.ActiveCfg = Debug|Any CPU
		{039C413F-FE3E-4ADE-AEA0-2E1A6D39822A}.Debug|Any CPU.Build.0 = Debug|Any CPU
		{039C413F-FE3E-4ADE-AEA0-2E1A6D39822A}.Release|Any CPU.ActiveCfg = Release|Any CPU
		{039C413F-FE3E-4ADE-AEA0-2E1A6D39822A}.Release|Any CPU.Build.0 = Release|Any CPU
	EndGlobalSection
	GlobalSection(SolutionProperties) = preSolution
		HideSolutionNode = FALSE
	EndGlobalSection
	GlobalSection(ExtensibilityGlobals) = postSolution
		SolutionGuid = {A59FCA90-B055-493C-B9E7-11E6D52BE31D}
	EndGlobalSection
EndGlobal
